
Microsoft Visual Studio Solution File, Format Version 12.00
# Visual Studio Version 17
VisualStudioVersion = 17.8.34330.188
MinimumVisualStudioVersion = 10.0.40219.1
Project("{FAE04EC0-301F-11D3-BF4B-00C04F79EFBC}") = "PumaMQ.Server", "PumaMQ.Server\PumaMQ.Server.csproj", "{798CF659-5883-44DC-B88B-32D1984BAE33}"
EndProject
Global
	GlobalSection(SolutionConfigurationPlatforms) = preSolution
		Debug|Any CPU = Debug|Any CPU
		Release|Any CPU = Release|Any CPU
	EndGlobalSection
	GlobalSection(ProjectConfigurationPlatforms) = postSolution
		{798CF659-5883-44DC-B88B-32D1984BAE33}.Debug|Any CPU.ActiveCfg = Debug|Any CPU
		{798CF659-5883-44DC-B88B-32D1984BAE33}.Debug|Any CPU.Build.0 = Debug|Any CPU
		{798CF659-5883-44DC-B88B-32D1984BAE33}.Release|Any CPU.ActiveCfg = Release|Any CPU
		{798CF659-5883-44DC-B88B-32D1984BAE33}.Release|Any CPU.Build.0 = Release|Any CPU
	EndGlobalSection
	GlobalSection(SolutionProperties) = preSolution
		HideSolutionNode = FALSE
	EndGlobalSection
	GlobalSection(ExtensibilityGlobals) = postSolution
		SolutionGuid = {60FCF7CC-895E-4C5F-9173-5A316F186662}
	EndGlobalSection
EndGlobal
